// !$*UTF8*$!
{
	archiveVersion = 1;
	classes = {
	};
	objectVersion = 46;
	objects = {

/* Begin PBXBuildFile section */
		0D6B6F0D1734916D00AB8766 /* RGMInputView.m in Sources */ = {isa = PBXBuildFile; fileRef = 0D6B6F0C1734916D00AB8766 /* RGMInputView.m */; };
		0D6B6F101734A1DD00AB8766 /* RGMSprite.m in Sources */ = {isa = PBXBuildFile; fileRef = 0D6B6F0F1734A1DD00AB8766 /* RGMSprite.m */; };
		0D6B6F141734AD4D00AB8766 /* Map.json in Resources */ = {isa = PBXBuildFile; fileRef = 0D6B6F131734AD4D00AB8766 /* Map.json */; };
		0DFFC7191733937300A37A1B /* UIKit.framework in Frameworks */ = {isa = PBXBuildFile; fileRef = 0DFFC7181733937300A37A1B /* UIKit.framework */; };
		0DFFC71B1733937300A37A1B /* Foundation.framework in Frameworks */ = {isa = PBXBuildFile; fileRef = 0DFFC71A1733937300A37A1B /* Foundation.framework */; };
		0DFFC71D1733937300A37A1B /* CoreGraphics.framework in Frameworks */ = {isa = PBXBuildFile; fileRef = 0DFFC71C1733937300A37A1B /* CoreGraphics.framework */; };
		0DFFC7231733937300A37A1B /* InfoPlist.strings in Resources */ = {isa = PBXBuildFile; fileRef = 0DFFC7211733937300A37A1B /* InfoPlist.strings */; };
		0DFFC7251733937300A37A1B /* main.m in Sources */ = {isa = PBXBuildFile; fileRef = 0DFFC7241733937300A37A1B /* main.m */; };
		0DFFC7291733937300A37A1B /* RGMAppDelegate.m in Sources */ = {isa = PBXBuildFile; fileRef = 0DFFC7281733937300A37A1B /* RGMAppDelegate.m */; };
		0DFFC72B1733937300A37A1B /* Default.png in Resources */ = {isa = PBXBuildFile; fileRef = 0DFFC72A1733937300A37A1B /* Default.png */; };
		0DFFC72D1733937300A37A1B /* Default@2x.png in Resources */ = {isa = PBXBuildFile; fileRef = 0DFFC72C1733937300A37A1B /* Default@2x.png */; };
		0DFFC72F1733937300A37A1B /* Default-568h@2x.png in Resources */ = {isa = PBXBuildFile; fileRef = 0DFFC72E1733937300A37A1B /* Default-568h@2x.png */; };
		0DFFC736173393DC00A37A1B /* GameKit.framework in Frameworks */ = {isa = PBXBuildFile; fileRef = 0DFFC735173393DB00A37A1B /* GameKit.framework */; };
		0DFFC7381733940500A37A1B /* MainStoryboard~iphone.storyboard in Resources */ = {isa = PBXBuildFile; fileRef = 0DFFC7371733940500A37A1B /* MainStoryboard~iphone.storyboard */; };
		0DFFC73B1733944200A37A1B /* RGMMainViewController.m in Sources */ = {isa = PBXBuildFile; fileRef = 0DFFC73A1733944200A37A1B /* RGMMainViewController.m */; };
		0DFFC73E1733946700A37A1B /* GLKit.framework in Frameworks */ = {isa = PBXBuildFile; fileRef = 0DFFC73D1733946600A37A1B /* GLKit.framework */; };
		0DFFC7401733946B00A37A1B /* QuartzCore.framework in Frameworks */ = {isa = PBXBuildFile; fileRef = 0DFFC73F1733946B00A37A1B /* QuartzCore.framework */; };
		0DFFC742173394AF00A37A1B /* OpenGLES.framework in Frameworks */ = {isa = PBXBuildFile; fileRef = 0DFFC741173394AF00A37A1B /* OpenGLES.framework */; };
		0DFFC74517341E0800A37A1B /* UIViewController+RGMExtensions.m in Sources */ = {isa = PBXBuildFile; fileRef = 0DFFC74417341E0800A37A1B /* UIViewController+RGMExtensions.m */; };
		0DFFC74717343DD000A37A1B /* CoreMotion.framework in Frameworks */ = {isa = PBXBuildFile; fileRef = 0DFFC74617343DCE00A37A1B /* CoreMotion.framework */; };
		0DFFC74B1734543A00A37A1B /* RGMEntity.m in Sources */ = {isa = PBXBuildFile; fileRef = 0DFFC74A1734543A00A37A1B /* RGMEntity.m */; };
		0DFFC74E173454B500A37A1B /* RGMObstacle.m in Sources */ = {isa = PBXBuildFile; fileRef = 0DFFC74D173454B500A37A1B /* RGMObstacle.m */; };
/* End PBXBuildFile section */

/* Begin PBXFileReference section */
		0D6B6F0B1734916D00AB8766 /* RGMInputView.h */ = {isa = PBXFileReference; fileEncoding = 4; lastKnownFileType = sourcecode.c.h; path = RGMInputView.h; sourceTree = "<group>"; };
		0D6B6F0C1734916D00AB8766 /* RGMInputView.m */ = {isa = PBXFileReference; fileEncoding = 4; lastKnownFileType = sourcecode.c.objc; path = RGMInputView.m; sourceTree = "<group>"; };
		0D6B6F0E1734A1DD00AB8766 /* RGMSprite.h */ = {isa = PBXFileReference; fileEncoding = 4; lastKnownFileType = sourcecode.c.h; path = RGMSprite.h; sourceTree = "<group>"; };
		0D6B6F0F1734A1DD00AB8766 /* RGMSprite.m */ = {isa = PBXFileReference; fileEncoding = 4; lastKnownFileType = sourcecode.c.objc; path = RGMSprite.m; sourceTree = "<group>"; };
		0D6B6F131734AD4D00AB8766 /* Map.json */ = {isa = PBXFileReference; fileEncoding = 4; lastKnownFileType = text.json; path = Map.json; sourceTree = "<group>"; };
		0DFFC7151733937300A37A1B /* TOJam2013.app */ = {isa = PBXFileReference; explicitFileType = wrapper.application; includeInIndex = 0; path = TOJam2013.app; sourceTree = BUILT_PRODUCTS_DIR; };
		0DFFC7181733937300A37A1B /* UIKit.framework */ = {isa = PBXFileReference; lastKnownFileType = wrapper.framework; name = UIKit.framework; path = System/Library/Frameworks/UIKit.framework; sourceTree = SDKROOT; };
		0DFFC71A1733937300A37A1B /* Foundation.framework */ = {isa = PBXFileReference; lastKnownFileType = wrapper.framework; name = Foundation.framework; path = System/Library/Frameworks/Foundation.framework; sourceTree = SDKROOT; };
		0DFFC71C1733937300A37A1B /* CoreGraphics.framework */ = {isa = PBXFileReference; lastKnownFileType = wrapper.framework; name = CoreGraphics.framework; path = System/Library/Frameworks/CoreGraphics.framework; sourceTree = SDKROOT; };
		0DFFC7201733937300A37A1B /* TOJam2013-Info.plist */ = {isa = PBXFileReference; lastKnownFileType = text.plist.xml; path = "TOJam2013-Info.plist"; sourceTree = "<group>"; };
		0DFFC7221733937300A37A1B /* en */ = {isa = PBXFileReference; lastKnownFileType = text.plist.strings; name = en; path = en.lproj/InfoPlist.strings; sourceTree = "<group>"; };
		0DFFC7241733937300A37A1B /* main.m */ = {isa = PBXFileReference; lastKnownFileType = sourcecode.c.objc; path = main.m; sourceTree = "<group>"; };
		0DFFC7261733937300A37A1B /* TOJam2013-Prefix.pch */ = {isa = PBXFileReference; lastKnownFileType = sourcecode.c.h; path = "TOJam2013-Prefix.pch"; sourceTree = "<group>"; };
		0DFFC7271733937300A37A1B /* RGMAppDelegate.h */ = {isa = PBXFileReference; lastKnownFileType = sourcecode.c.h; path = RGMAppDelegate.h; sourceTree = "<group>"; };
		0DFFC7281733937300A37A1B /* RGMAppDelegate.m */ = {isa = PBXFileReference; lastKnownFileType = sourcecode.c.objc; path = RGMAppDelegate.m; sourceTree = "<group>"; };
		0DFFC72A1733937300A37A1B /* Default.png */ = {isa = PBXFileReference; lastKnownFileType = image.png; path = Default.png; sourceTree = "<group>"; };
		0DFFC72C1733937300A37A1B /* Default@2x.png */ = {isa = PBXFileReference; lastKnownFileType = image.png; path = "Default@2x.png"; sourceTree = "<group>"; };
		0DFFC72E1733937300A37A1B /* Default-568h@2x.png */ = {isa = PBXFileReference; lastKnownFileType = image.png; path = "Default-568h@2x.png"; sourceTree = "<group>"; };
		0DFFC735173393DB00A37A1B /* GameKit.framework */ = {isa = PBXFileReference; lastKnownFileType = wrapper.framework; name = GameKit.framework; path = System/Library/Frameworks/GameKit.framework; sourceTree = SDKROOT; };
		0DFFC7371733940500A37A1B /* MainStoryboard~iphone.storyboard */ = {isa = PBXFileReference; fileEncoding = 4; lastKnownFileType = file.storyboard; path = "MainStoryboard~iphone.storyboard"; sourceTree = "<group>"; };
		0DFFC7391733944100A37A1B /* RGMMainViewController.h */ = {isa = PBXFileReference; fileEncoding = 4; lastKnownFileType = sourcecode.c.h; path = RGMMainViewController.h; sourceTree = "<group>"; };
		0DFFC73A1733944200A37A1B /* RGMMainViewController.m */ = {isa = PBXFileReference; fileEncoding = 4; lastKnownFileType = sourcecode.c.objc; path = RGMMainViewController.m; sourceTree = "<group>"; };
		0DFFC73D1733946600A37A1B /* GLKit.framework */ = {isa = PBXFileReference; lastKnownFileType = wrapper.framework; name = GLKit.framework; path = System/Library/Frameworks/GLKit.framework; sourceTree = SDKROOT; };
		0DFFC73F1733946B00A37A1B /* QuartzCore.framework */ = {isa = PBXFileReference; lastKnownFileType = wrapper.framework; name = QuartzCore.framework; path = System/Library/Frameworks/QuartzCore.framework; sourceTree = SDKROOT; };
		0DFFC741173394AF00A37A1B /* OpenGLES.framework */ = {isa = PBXFileReference; lastKnownFileType = wrapper.framework; name = OpenGLES.framework; path = System/Library/Frameworks/OpenGLES.framework; sourceTree = SDKROOT; };
		0DFFC74317341E0700A37A1B /* UIViewController+RGMExtensions.h */ = {isa = PBXFileReference; fileEncoding = 4; lastKnownFileType = sourcecode.c.h; path = "UIViewController+RGMExtensions.h"; sourceTree = "<group>"; };
		0DFFC74417341E0800A37A1B /* UIViewController+RGMExtensions.m */ = {isa = PBXFileReference; fileEncoding = 4; lastKnownFileType = sourcecode.c.objc; path = "UIViewController+RGMExtensions.m"; sourceTree = "<group>"; };
		0DFFC74617343DCE00A37A1B /* CoreMotion.framework */ = {isa = PBXFileReference; lastKnownFileType = wrapper.framework; name = CoreMotion.framework; path = System/Library/Frameworks/CoreMotion.framework; sourceTree = SDKROOT; };
		0DFFC7491734543A00A37A1B /* RGMEntity.h */ = {isa = PBXFileReference; fileEncoding = 4; lastKnownFileType = sourcecode.c.h; path = RGMEntity.h; sourceTree = "<group>"; };
		0DFFC74A1734543A00A37A1B /* RGMEntity.m */ = {isa = PBXFileReference; fileEncoding = 4; lastKnownFileType = sourcecode.c.objc; path = RGMEntity.m; sourceTree = "<group>"; };
		0DFFC74C173454B400A37A1B /* RGMObstacle.h */ = {isa = PBXFileReference; fileEncoding = 4; lastKnownFileType = sourcecode.c.h; path = RGMObstacle.h; sourceTree = "<group>"; };
		0DFFC74D173454B500A37A1B /* RGMObstacle.m */ = {isa = PBXFileReference; fileEncoding = 4; lastKnownFileType = sourcecode.c.objc; path = RGMObstacle.m; sourceTree = "<group>"; };
/* End PBXFileReference section */

/* Begin PBXFrameworksBuildPhase section */
		0DFFC7121733937300A37A1B /* Frameworks */ = {
			isa = PBXFrameworksBuildPhase;
			buildActionMask = 2147483647;
			files = (
				0DFFC74717343DD000A37A1B /* CoreMotion.framework in Frameworks */,
				0DFFC742173394AF00A37A1B /* OpenGLES.framework in Frameworks */,
				0DFFC7401733946B00A37A1B /* QuartzCore.framework in Frameworks */,
				0DFFC73E1733946700A37A1B /* GLKit.framework in Frameworks */,
				0DFFC736173393DC00A37A1B /* GameKit.framework in Frameworks */,
				0DFFC7191733937300A37A1B /* UIKit.framework in Frameworks */,
				0DFFC71B1733937300A37A1B /* Foundation.framework in Frameworks */,
				0DFFC71D1733937300A37A1B /* CoreGraphics.framework in Frameworks */,
			);
			runOnlyForDeploymentPostprocessing = 0;
		};
/* End PBXFrameworksBuildPhase section */

/* Begin PBXGroup section */
		0DFFC70C1733937300A37A1B = {
			isa = PBXGroup;
			children = (
				0DFFC71E1733937300A37A1B /* TOJam2013 */,
				0DFFC7171733937300A37A1B /* Frameworks */,
				0DFFC7161733937300A37A1B /* Products */,
			);
			sourceTree = "<group>";
		};
		0DFFC7161733937300A37A1B /* Products */ = {
			isa = PBXGroup;
			children = (
				0DFFC7151733937300A37A1B /* TOJam2013.app */,
			);
			name = Products;
			sourceTree = "<group>";
		};
		0DFFC7171733937300A37A1B /* Frameworks */ = {
			isa = PBXGroup;
			children = (
				0DFFC71C1733937300A37A1B /* CoreGraphics.framework */,
				0DFFC74617343DCE00A37A1B /* CoreMotion.framework */,
				0DFFC71A1733937300A37A1B /* Foundation.framework */,
				0DFFC735173393DB00A37A1B /* GameKit.framework */,
				0DFFC73D1733946600A37A1B /* GLKit.framework */,
				0DFFC741173394AF00A37A1B /* OpenGLES.framework */,
				0DFFC73F1733946B00A37A1B /* QuartzCore.framework */,
				0DFFC7181733937300A37A1B /* UIKit.framework */,
			);
			name = Frameworks;
			sourceTree = "<group>";
		};
		0DFFC71E1733937300A37A1B /* TOJam2013 */ = {
			isa = PBXGroup;
			children = (
				0DFFC7271733937300A37A1B /* RGMAppDelegate.h */,
				0DFFC7281733937300A37A1B /* RGMAppDelegate.m */,
				0DFFC7371733940500A37A1B /* MainStoryboard~iphone.storyboard */,
				0DFFC73C1733945100A37A1B /* View Controllers */,
				0DFFC71F1733937300A37A1B /* Supporting Files */,
			);
			path = TOJam2013;
			sourceTree = "<group>";
		};
		0DFFC71F1733937300A37A1B /* Supporting Files */ = {
			isa = PBXGroup;
			children = (
				0DFFC7201733937300A37A1B /* TOJam2013-Info.plist */,
				0DFFC7211733937300A37A1B /* InfoPlist.strings */,
				0DFFC7241733937300A37A1B /* main.m */,
				0DFFC7261733937300A37A1B /* TOJam2013-Prefix.pch */,
				0DFFC72A1733937300A37A1B /* Default.png */,
				0DFFC72C1733937300A37A1B /* Default@2x.png */,
				0DFFC72E1733937300A37A1B /* Default-568h@2x.png */,
			);
			name = "Supporting Files";
			sourceTree = "<group>";
		};
		0DFFC73C1733945100A37A1B /* View Controllers */ = {
			isa = PBXGroup;
			children = (
				0DFFC7481734541200A37A1B /* Game Model */,
				0DFFC7391733944100A37A1B /* RGMMainViewController.h */,
				0DFFC73A1733944200A37A1B /* RGMMainViewController.m */,
				0D6B6F0E1734A1DD00AB8766 /* RGMSprite.h */,
				0D6B6F0F1734A1DD00AB8766 /* RGMSprite.m */,
				0D6B6F0B1734916D00AB8766 /* RGMInputView.h */,
				0D6B6F0C1734916D00AB8766 /* RGMInputView.m */,
				0DFFC74317341E0700A37A1B /* UIViewController+RGMExtensions.h */,
				0DFFC74417341E0800A37A1B /* UIViewController+RGMExtensions.m */,
			);
			name = "View Controllers";
			sourceTree = "<group>";
		};
		0DFFC7481734541200A37A1B /* Game Model */ = {
			isa = PBXGroup;
			children = (
				0DFFC7491734543A00A37A1B /* RGMEntity.h */,
				0DFFC74A1734543A00A37A1B /* RGMEntity.m */,
				0DFFC74C173454B400A37A1B /* RGMObstacle.h */,
				0DFFC74D173454B500A37A1B /* RGMObstacle.m */,
				0D6B6F131734AD4D00AB8766 /* Map.json */,
			);
			name = "Game Model";
			sourceTree = "<group>";
		};
/* End PBXGroup section */

/* Begin PBXNativeTarget section */
		0DFFC7141733937300A37A1B /* TOJam2013 */ = {
			isa = PBXNativeTarget;
			buildConfigurationList = 0DFFC7321733937300A37A1B /* Build configuration list for PBXNativeTarget "TOJam2013" */;
			buildPhases = (
				0DFFC7111733937300A37A1B /* Sources */,
				0DFFC7121733937300A37A1B /* Frameworks */,
				0DFFC7131733937300A37A1B /* Resources */,
			);
			buildRules = (
			);
			dependencies = (
			);
			name = TOJam2013;
			productName = TOJam2013;
			productReference = 0DFFC7151733937300A37A1B /* TOJam2013.app */;
			productType = "com.apple.product-type.application";
		};
/* End PBXNativeTarget section */

/* Begin PBXProject section */
		0DFFC70D1733937300A37A1B /* Project object */ = {
			isa = PBXProject;
			attributes = {
				CLASSPREFIX = RGM;
				LastUpgradeCheck = 0460;
				ORGANIZATIONNAME = "Ryder Mackay";
			};
			buildConfigurationList = 0DFFC7101733937300A37A1B /* Build configuration list for PBXProject "TOJam2013" */;
			compatibilityVersion = "Xcode 3.2";
			developmentRegion = English;
			hasScannedForEncodings = 0;
			knownRegions = (
				en,
			);
			mainGroup = 0DFFC70C1733937300A37A1B;
			productRefGroup = 0DFFC7161733937300A37A1B /* Products */;
			projectDirPath = "";
			projectRoot = "";
			targets = (
				0DFFC7141733937300A37A1B /* TOJam2013 */,
			);
		};
/* End PBXProject section */

/* Begin PBXResourcesBuildPhase section */
		0DFFC7131733937300A37A1B /* Resources */ = {
			isa = PBXResourcesBuildPhase;
			buildActionMask = 2147483647;
			files = (
				0DFFC7231733937300A37A1B /* InfoPlist.strings in Resources */,
				0DFFC72B1733937300A37A1B /* Default.png in Resources */,
				0DFFC72D1733937300A37A1B /* Default@2x.png in Resources */,
				0DFFC72F1733937300A37A1B /* Default-568h@2x.png in Resources */,
				0DFFC7381733940500A37A1B /* MainStoryboard~iphone.storyboard in Resources */,
				0D6B6F141734AD4D00AB8766 /* Map.json in Resources */,
			);
			runOnlyForDeploymentPostprocessing = 0;
		};
/* End PBXResourcesBuildPhase section */

/* Begin PBXSourcesBuildPhase section */
		0DFFC7111733937300A37A1B /* Sources */ = {
			isa = PBXSourcesBuildPhase;
			buildActionMask = 2147483647;
			files = (
				0DFFC7251733937300A37A1B /* main.m in Sources */,
				0DFFC7291733937300A37A1B /* RGMAppDelegate.m in Sources */,
				0DFFC73B1733944200A37A1B /* RGMMainViewController.m in Sources */,
				0DFFC74517341E0800A37A1B /* UIViewController+RGMExtensions.m in Sources */,
				0DFFC74B1734543A00A37A1B /* RGMEntity.m in Sources */,
				0DFFC74E173454B500A37A1B /* RGMObstacle.m in Sources */,
				0D6B6F0D1734916D00AB8766 /* RGMInputView.m in Sources */,
				0D6B6F101734A1DD00AB8766 /* RGMSprite.m in Sources */,
			);
			runOnlyForDeploymentPostprocessing = 0;
		};
/* End PBXSourcesBuildPhase section */

/* Begin PBXVariantGroup section */
		0DFFC7211733937300A37A1B /* InfoPlist.strings */ = {
			isa = PBXVariantGroup;
			children = (
				0DFFC7221733937300A37A1B /* en */,
			);
			name = InfoPlist.strings;
			sourceTree = "<group>";
		};
/* End PBXVariantGroup section */

/* Begin XCBuildConfiguration section */
		0DFFC7301733937300A37A1B /* Debug */ = {
			isa = XCBuildConfiguration;
			buildSettings = {
				ALWAYS_SEARCH_USER_PATHS = NO;
				CLANG_CXX_LANGUAGE_STANDARD = "gnu++0x";
				CLANG_CXX_LIBRARY = "libc++";
				CLANG_ENABLE_OBJC_ARC = YES;
				CLANG_WARN_CONSTANT_CONVERSION = YES;
				CLANG_WARN_EMPTY_BODY = YES;
				CLANG_WARN_ENUM_CONVERSION = YES;
				CLANG_WARN_INT_CONVERSION = YES;
				CLANG_WARN__DUPLICATE_METHOD_MATCH = YES;
				"CODE_SIGN_IDENTITY[sdk=iphoneos*]" = "iPhone Developer";
				COPY_PHASE_STRIP = NO;
				GCC_C_LANGUAGE_STANDARD = gnu99;
				GCC_DYNAMIC_NO_PIC = NO;
				GCC_OPTIMIZATION_LEVEL = 0;
				GCC_PREPROCESSOR_DEFINITIONS = (
					"DEBUG=1",
					"$(inherited)",
				);
				GCC_SYMBOLS_PRIVATE_EXTERN = NO;
				GCC_WARN_ABOUT_RETURN_TYPE = YES;
				GCC_WARN_UNINITIALIZED_AUTOS = YES;
				GCC_WARN_UNUSED_VARIABLE = YES;
				IPHONEOS_DEPLOYMENT_TARGET = 6.1;
				ONLY_ACTIVE_ARCH = YES;
				SDKROOT = iphoneos;
				TARGETED_DEVICE_FAMILY = "1,2";
			};
			name = Debug;
		};
		0DFFC7311733937300A37A1B /* Release */ = {
			isa = XCBuildConfiguration;
			buildSettings = {
				ALWAYS_SEARCH_USER_PATHS = NO;
				CLANG_CXX_LANGUAGE_STANDARD = "gnu++0x";
				CLANG_CXX_LIBRARY = "libc++";
				CLANG_ENABLE_OBJC_ARC = YES;
				CLANG_WARN_CONSTANT_CONVERSION = YES;
				CLANG_WARN_EMPTY_BODY = YES;
				CLANG_WARN_ENUM_CONVERSION = YES;
				CLANG_WARN_INT_CONVERSION = YES;
				CLANG_WARN__DUPLICATE_METHOD_MATCH = YES;
				"CODE_SIGN_IDENTITY[sdk=iphoneos*]" = "iPhone Developer";
				COPY_PHASE_STRIP = YES;
				GCC_C_LANGUAGE_STANDARD = gnu99;
				GCC_WARN_ABOUT_RETURN_TYPE = YES;
				GCC_WARN_UNINITIALIZED_AUTOS = YES;
				GCC_WARN_UNUSED_VARIABLE = YES;
				IPHONEOS_DEPLOYMENT_TARGET = 6.1;
				OTHER_CFLAGS = "-DNS_BLOCK_ASSERTIONS=1";
				SDKROOT = iphoneos;
				TARGETED_DEVICE_FAMILY = "1,2";
				VALIDATE_PRODUCT = YES;
			};
			name = Release;
		};
		0DFFC7331733937300A37A1B /* Debug */ = {
			isa = XCBuildConfiguration;
			buildSettings = {
				GCC_PRECOMPILE_PREFIX_HEADER = YES;
				GCC_PREFIX_HEADER = "TOJam2013/TOJam2013-Prefix.pch";
				INFOPLIST_FILE = "TOJam2013/TOJam2013-Info.plist";
				PRODUCT_NAME = "$(TARGET_NAME)";
				WRAPPER_EXTENSION = app;
			};
			name = Debug;
		};
		0DFFC7341733937300A37A1B /* Release */ = {
			isa = XCBuildConfiguration;
			buildSettings = {
				GCC_PRECOMPILE_PREFIX_HEADER = YES;
				GCC_PREFIX_HEADER = "TOJam2013/TOJam2013-Prefix.pch";
				INFOPLIST_FILE = "TOJam2013/TOJam2013-Info.plist";
				PRODUCT_NAME = "$(TARGET_NAME)";
				WRAPPER_EXTENSION = app;
			};
			name = Release;
		};
/* End XCBuildConfiguration section */

/* Begin XCConfigurationList section */
		0DFFC7101733937300A37A1B /* Build configuration list for PBXProject "TOJam2013" */ = {
			isa = XCConfigurationList;
			buildConfigurations = (
				0DFFC7301733937300A37A1B /* Debug */,
				0DFFC7311733937300A37A1B /* Release */,
			);
			defaultConfigurationIsVisible = 0;
			defaultConfigurationName = Release;
		};
		0DFFC7321733937300A37A1B /* Build configuration list for PBXNativeTarget "TOJam2013" */ = {
			isa = XCConfigurationList;
			buildConfigurations = (
				0DFFC7331733937300A37A1B /* Debug */,
				0DFFC7341733937300A37A1B /* Release */,
			);
			defaultConfigurationIsVisible = 0;
			defaultConfigurationName = Release;
		};
/* End XCConfigurationList section */
	};
	rootObject = 0DFFC70D1733937300A37A1B /* Project object */;
}
